
Microsoft Visual Studio Solution File, Format Version 11.00
# Visual Studio 2010
Project("{FAE04EC0-301F-11D3-BF4B-00C04F79EFBC}") = "IrcBot.Core", "IrcBot\IrcBot.Core.csproj", "{30162F7D-532F-47DD-B96F-76569F9E9FD1}"
EndProject
Project("{FAE04EC0-301F-11D3-BF4B-00C04F79EFBC}") = "IrcBot.Bots", "UrlBot\IrcBot.Bots.csproj", "{04FA3C80-4884-469E-BE49-B0C4956403DA}"
EndProject
Project("{FAE04EC0-301F-11D3-BF4B-00C04F79EFBC}") = "IrcBot.Console", "IrcBot.Console\IrcBot.Console.csproj", "{E120E1AD-1BC1-4F37-ADB8-53861FB7C189}"
EndProject
Project("{2150E333-8FDC-42A3-9474-1A3956D46DE8}") = "Solution Items", "Solution Items", "{6FAF66FA-B51A-4DBB-8601-B6C021FF35E6}"
	ProjectSection(SolutionItems) = preProject
		README.md = README.md
	EndProjectSection
EndProject
Global
	GlobalSection(SolutionConfigurationPlatforms) = preSolution
		Debug|Any CPU = Debug|Any CPU
		Debug|Mixed Platforms = Debug|Mixed Platforms
		Debug|x86 = Debug|x86
		Release|Any CPU = Release|Any CPU
		Release|Mixed Platforms = Release|Mixed Platforms
		Release|x86 = Release|x86
	EndGlobalSection
	GlobalSection(ProjectConfigurationPlatforms) = postSolution
		{30162F7D-532F-47DD-B96F-76569F9E9FD1}.Debug|Any CPU.ActiveCfg = Debug|Any CPU
		{30162F7D-532F-47DD-B96F-76569F9E9FD1}.Debug|Any CPU.Build.0 = Debug|Any CPU
		{30162F7D-532F-47DD-B96F-76569F9E9FD1}.Debug|Mixed Platforms.ActiveCfg = Debug|Any CPU
		{30162F7D-532F-47DD-B96F-76569F9E9FD1}.Debug|Mixed Platforms.Build.0 = Debug|Any CPU
		{30162F7D-532F-47DD-B96F-76569F9E9FD1}.Debug|x86.ActiveCfg = Debug|Any CPU
		{30162F7D-532F-47DD-B96F-76569F9E9FD1}.Release|Any CPU.ActiveCfg = Release|Any CPU
		{30162F7D-532F-47DD-B96F-76569F9E9FD1}.Release|Any CPU.Build.0 = Release|Any CPU
		{30162F7D-532F-47DD-B96F-76569F9E9FD1}.Release|Mixed Platforms.ActiveCfg = Release|Any CPU
		{30162F7D-532F-47DD-B96F-76569F9E9FD1}.Release|Mixed Platforms.Build.0 = Release|Any CPU
		{30162F7D-532F-47DD-B96F-76569F9E9FD1}.Release|x86.ActiveCfg = Release|Any CPU
		{04FA3C80-4884-469E-BE49-B0C4956403DA}.Debug|Any CPU.ActiveCfg = Debug|Any CPU
		{04FA3C80-4884-469E-BE49-B0C4956403DA}.Debug|Any CPU.Build.0 = Debug|Any CPU
		{04FA3C80-4884-469E-BE49-B0C4956403DA}.Debug|Mixed Platforms.ActiveCfg = Debug|Any CPU
		{04FA3C80-4884-469E-BE49-B0C4956403DA}.Debug|Mixed Platforms.Build.0 = Debug|Any CPU
		{04FA3C80-4884-469E-BE49-B0C4956403DA}.Debug|x86.ActiveCfg = Debug|Any CPU
		{04FA3C80-4884-469E-BE49-B0C4956403DA}.Release|Any CPU.ActiveCfg = Release|Any CPU
		{04FA3C80-4884-469E-BE49-B0C4956403DA}.Release|Any CPU.Build.0 = Release|Any CPU
		{04FA3C80-4884-469E-BE49-B0C4956403DA}.Release|Mixed Platforms.ActiveCfg = Release|Any CPU
		{04FA3C80-4884-469E-BE49-B0C4956403DA}.Release|Mixed Platforms.Build.0 = Release|Any CPU
		{04FA3C80-4884-469E-BE49-B0C4956403DA}.Release|x86.ActiveCfg = Release|Any CPU
		{E120E1AD-1BC1-4F37-ADB8-53861FB7C189}.Debug|Any CPU.ActiveCfg = Debug|x86
		{E120E1AD-1BC1-4F37-ADB8-53861FB7C189}.Debug|Mixed Platforms.ActiveCfg = Debug|x86
		{E120E1AD-1BC1-4F37-ADB8-53861FB7C189}.Debug|Mixed Platforms.Build.0 = Debug|x86
		{E120E1AD-1BC1-4F37-ADB8-53861FB7C189}.Debug|x86.ActiveCfg = Debug|x86
		{E120E1AD-1BC1-4F37-ADB8-53861FB7C189}.Debug|x86.Build.0 = Debug|x86
		{E120E1AD-1BC1-4F37-ADB8-53861FB7C189}.Release|Any CPU.ActiveCfg = Release|x86
		{E120E1AD-1BC1-4F37-ADB8-53861FB7C189}.Release|Mixed Platforms.ActiveCfg = Release|x86
		{E120E1AD-1BC1-4F37-ADB8-53861FB7C189}.Release|Mixed Platforms.Build.0 = Release|x86
		{E120E1AD-1BC1-4F37-ADB8-53861FB7C189}.Release|x86.ActiveCfg = Release|x86
		{E120E1AD-1BC1-4F37-ADB8-53861FB7C189}.Release|x86.Build.0 = Release|x86
	EndGlobalSection
	GlobalSection(SolutionProperties) = preSolution
		HideSolutionNode = FALSE
	EndGlobalSection
EndGlobal
